PODS:
  - BulletinBoard (4.1.0)
  - EZYGradientView (1.5.1)
  - Motion (3.1.3):
    - Motion/Core (= 3.1.3)
  - Motion/Core (3.1.3)
  - NVActivityIndicatorView (4.8.0):
    - NVActivityIndicatorView/Presenter (= 4.8.0)
  - NVActivityIndicatorView/Presenter (4.8.0)
  - Pastel (0.6.0)
  - PMSuperButton (3.0.2)
  - ViewAnimator (2.7.0)

DEPENDENCIES:
  - BulletinBoard
  - EZYGradientView (from `https://github.com/Niphery/EZYGradientView`)
  - Motion (~> 3.1.0)
  - NVActivityIndicatorView
  - Pastel
  - PMSuperButton
  - ViewAnimator

SPEC REPOS:
  trunk:
    - BulletinBoard
    - Motion
    - NVActivityIndicatorView
    - Pastel
    - PMSuperButton
    - ViewAnimator

EXTERNAL SOURCES:
  EZYGradientView:
    :git: https://github.com/Niphery/EZYGradientView

CHECKOUT OPTIONS:
  EZYGradientView:
    :commit: e8cc7bf2fb77557af214289288ebc96776ffbf57
    :git: https://github.com/Niphery/EZYGradientView

SPEC CHECKSUMS:
  BulletinBoard: c774340545b5cfd05a96a89f63b105ecc95c86f9
  EZYGradientView: f13e7a9e774b906c66d617fb04a13c8853ba25b4
  Motion: cf1e060e489f6661126374d5c60dbd2ed991605c
  NVActivityIndicatorView: d24b7ebcf80af5dcd994adb650e2b6c93379270f
  Pastel: 814f081efbe2859c37e65ee44f396e6e5be88619
  PMSuperButton: 72105fef415890c8792a9e5a784f75c461066f8b
  ViewAnimator: 5af1c6f3b310f012bf081259c43717aa54fbae73

PODFILE CHECKSUM: e70f28f2a9c17f21f25d22865684764644b47a64

COCOAPODS: 1.8.3
